
Microsoft Visual Studio Solution File, Format Version 12.00
# Visual Studio Version 17
VisualStudioVersion = 17.2.32616.157
MinimumVisualStudioVersion = 10.0.40219.1
Project("{9A19103F-16F7-4668-BE54-9A1E7A4F7556}") = "JSONParser", "JSONParser\JSONParser.csproj", "{CF95660E-3D45-4B3A-BDF6-26836458944E}"
EndProject
Project("{9A19103F-16F7-4668-BE54-9A1E7A4F7556}") = "JSONParserTests", "JSONParserTests\JSONParserTests.csproj", "{B8C5EF1C-735B-4F61-813D-F3A98EE88107}"
EndProject
Project("{FAE04EC0-301F-11D3-BF4B-00C04F79EFBC}") = "JsonParserCore", "JsonParserCore\JsonParserCore\JsonParserCore.csproj", "{95974966-F3F6-43C1-A774-28CE00856D6E}"
EndProject
Global
	GlobalSection(SolutionConfigurationPlatforms) = preSolution
		Debug|Any CPU = Debug|Any CPU
		Release|Any CPU = Release|Any CPU
	EndGlobalSection
	GlobalSection(ProjectConfigurationPlatforms) = postSolution
		{CF95660E-3D45-4B3A-BDF6-26836458944E}.Debug|Any CPU.ActiveCfg = Debug|Any CPU
		{CF95660E-3D45-4B3A-BDF6-26836458944E}.Debug|Any CPU.Build.0 = Debug|Any CPU
		{CF95660E-3D45-4B3A-BDF6-26836458944E}.Release|Any CPU.ActiveCfg = Release|Any CPU
		{CF95660E-3D45-4B3A-BDF6-26836458944E}.Release|Any CPU.Build.0 = Release|Any CPU
		{B8C5EF1C-735B-4F61-813D-F3A98EE88107}.Debug|Any CPU.ActiveCfg = Debug|Any CPU
		{B8C5EF1C-735B-4F61-813D-F3A98EE88107}.Debug|Any CPU.Build.0 = Debug|Any CPU
		{B8C5EF1C-735B-4F61-813D-F3A98EE88107}.Release|Any CPU.ActiveCfg = Release|Any CPU
		{B8C5EF1C-735B-4F61-813D-F3A98EE88107}.Release|Any CPU.Build.0 = Release|Any CPU
		{95974966-F3F6-43C1-A774-28CE00856D6E}.Debug|Any CPU.ActiveCfg = Debug|Any CPU
		{95974966-F3F6-43C1-A774-28CE00856D6E}.Debug|Any CPU.Build.0 = Debug|Any CPU
		{95974966-F3F6-43C1-A774-28CE00856D6E}.Release|Any CPU.ActiveCfg = Release|Any CPU
		{95974966-F3F6-43C1-A774-28CE00856D6E}.Release|Any CPU.Build.0 = Release|Any CPU
	EndGlobalSection
	GlobalSection(SolutionProperties) = preSolution
		HideSolutionNode = FALSE
	EndGlobalSection
	GlobalSection(ExtensibilityGlobals) = postSolution
		SolutionGuid = {A39A19C8-2E06-43B8-8EA2-7B0AAFF3046E}
	EndGlobalSection
EndGlobal
